<?xml version="1.0" encoding="utf-8"?>
<Project ToolsVersion="4.0" xmlns="http://schemas.microsoft.com/developer/msbuild/2003">
  <ItemGroup>
    <Filter Include="Source Files">
      <UniqueIdentifier>{4FC737F1-C7A5-4376-A066-2A32D752A2FF}</UniqueIdentifier>
      <Extensions>cpp;c;cc;cxx;c++;cppm;ixx;def;odl;idl;hpj;bat;asm;asmx</Extensions>
    </Filter>
    <Filter Include="Header Files">
      <UniqueIdentifier>{93995380-89BD-4b04-88EB-625FBE52EBFB}</UniqueIdentifier>
      <Extensions>h;hh;hpp;hxx;h++;hm;inl;inc;ipp;xsd</Extensions>
    </Filter>
    <Filter Include="Resource Files">
      <UniqueIdentifier>{67DA6AB6-F800-4c08-8B7A-83BB121AAD01}</UniqueIdentifier>
      <Extensions>rc;ico;cur;bmp;dlg;rc2;rct;bin;rgs;gif;jpg;jpeg;jpe;resx;tiff;tif;png;wav;mfcribbon-ms</Extensions>
    </Filter>
    <Filter Include="Header Files\header_file">
      <UniqueIdentifier>{68246227-e748-455c-b942-40f1088c1125}</UniqueIdentifier>
    </Filter>
    <Filter Include="Source Files\source_file">
      <UniqueIdentifier>{cdd7cb9a-7877-4a4e-a6f9-10a658e84b48}</UniqueIdentifier>
    </Filter>
    <Filter Include="Resource Files\Assest">
      <UniqueIdentifier>{ad9e0e18-ea8f-4a3a-bc43-80a2540ed0d1}</UniqueIdentifier>
    </Filter>
  </ItemGroup>
  <ItemGroup>
    <ClCompile Include="main.cpp">
      <Filter>Source Files</Filter>
    </ClCompile>
    <ClCompile Include="..\01_source_file\GameObject.cpp">
      <Filter>Source Files\source_file</Filter>
    </ClCompile>
    <ClCompile Include="..\01_source_file\interactiveObject.cpp">
      <Filter>Source Files\source_file</Filter>
    </ClCompile>
    <ClCompile Include="..\01_source_file\TextureManager.cpp">
      <Filter>Source Files\source_file</Filter>
    </ClCompile>
    <ClCompile Include="..\01_source_file\Game.cpp">
      <Filter>Source Files\source_file</Filter>
    </ClCompile>
    <ClCompile Include="..\01_source_file\map.cpp">
      <Filter>Source Files\source_file</Filter>
    </ClCompile>
    <ClCompile Include="..\01_source_file\Button.cpp">
      <Filter>Source Files\source_file</Filter>
    </ClCompile>
    <ClCompile Include="..\01_source_file\GLOBAL.cpp">
      <Filter>Source Files\source_file</Filter>
    </ClCompile>
    <ClCompile Include="..\01_source_file\Menu.cpp">
      <Filter>Source Files\source_file</Filter>
    </ClCompile>
    <ClCompile Include="..\01_source_file\ArrowEnemy.cpp">
      <Filter>Source Files\source_file</Filter>
    </ClCompile>
    <ClCompile Include="..\01_source_file\ResourceManager.cpp">
      <Filter>Source Files\source_file</Filter>
    </ClCompile>
  </ItemGroup>
  <ItemGroup>
    <ClInclude Include="..\02_header_file\Game.h">
      <Filter>Header Files\header_file</Filter>
    </ClInclude>
    <ClInclude Include="..\02_header_file\GameObject.h">
      <Filter>Header Files\header_file</Filter>
    </ClInclude>
    <ClInclude Include="..\02_header_file\interactiveObject.h">
      <Filter>Header Files\header_file</Filter>
    </ClInclude>
    <ClInclude Include="..\02_header_file\TextureManager.h">
      <Filter>Header Files\header_file</Filter>
    </ClInclude>
    <ClInclude Include="..\02_header_file\common.h">
      <Filter>Header Files\header_file</Filter>
    </ClInclude>
    <ClInclude Include="..\02_header_file\map.h">
      <Filter>Header Files\header_file</Filter>
    </ClInclude>
    <ClInclude Include="..\02_header_file\Button.h">
      <Filter>Header Files\header_file</Filter>
    </ClInclude>
    <ClInclude Include="..\02_header_file\ECS.h">
      <Filter>Header Files\header_file</Filter>
    </ClInclude>
    <ClInclude Include="..\02_header_file\Components.h">
      <Filter>Header Files\header_file</Filter>
    </ClInclude>
    <ClInclude Include="..\02_header_file\SceneManager.h">
      <Filter>Header Files\header_file</Filter>
    </ClInclude>
    <ClInclude Include="..\02_header_file\GLOBAL.h">
      <Filter>Header Files\header_file</Filter>
    </ClInclude>
    <ClInclude Include="..\02_header_file\Menu.h">
      <Filter>Header Files\header_file</Filter>
    </ClInclude>
    <ClInclude Include="..\02_header_file\ArrowEnemy.h">
      <Filter>Header Files\header_file</Filter>
    </ClInclude>
    <ClInclude Include="..\02_header_file\ResourceManager.h">
      <Filter>Header Files\header_file</Filter>
    </ClInclude>
    <ClInclude Include="..\02_header_file\AudioManager.hpp">
      <Filter>Header Files\header_file</Filter>
    </ClInclude>
  </ItemGroup>
  <ItemGroup>
    <Image Include="..\00_Asset\bunny_grass.png">
      <Filter>Resource Files\Assest</Filter>
    </Image>
    <Image Include="..\00_Asset\bunny_outline.png">
      <Filter>Resource Files\Assest</Filter>
    </Image>
    <Image Include="..\00_Asset\sprite.png">
      <Filter>Resource Files\Assest</Filter>
    </Image>
  </ItemGroup>
  <ItemGroup>
    <Font Include="..\00_Asset\arial.ttf" />
    <Font Include="..\00_Asset\GOUDYSTO.TTF" />
  </ItemGroup>
</Project>